
Microsoft Visual Studio Solution File, Format Version 12.00
Project("{FAE04EC0-301F-11D3-BF4B-00C04F79EFBC}") = "inzynierka", "inzynierka\inzynierka.csproj", "{E99A74A2-82B7-45C4-BEB5-FF1989952EDE}"
EndProject
Global
	GlobalSection(SolutionConfigurationPlatforms) = preSolution
		Debug|Any CPU = Debug|Any CPU
		Release|Any CPU = Release|Any CPU
	EndGlobalSection
	GlobalSection(ProjectConfigurationPlatforms) = postSolution
		{E99A74A2-82B7-45C4-BEB5-FF1989952EDE}.Debug|Any CPU.ActiveCfg = Debug|Any CPU
		{E99A74A2-82B7-45C4-BEB5-FF1989952EDE}.Debug|Any CPU.Build.0 = Debug|Any CPU
		{E99A74A2-82B7-45C4-BEB5-FF1989952EDE}.Release|Any CPU.ActiveCfg = Release|Any CPU
		{E99A74A2-82B7-45C4-BEB5-FF1989952EDE}.Release|Any CPU.Build.0 = Release|Any CPU
	EndGlobalSection
EndGlobal
